
Microsoft Visual Studio Solution File, Format Version 12.00
# Visual Studio Version 17
VisualStudioVersion = 17.8.34330.188
MinimumVisualStudioVersion = 10.0.40219.1
Project("{FAE04EC0-301F-11D3-BF4B-00C04F79EFBC}") = "WebEcommerce", "WebEcommerce.csproj", "{E2FA7A21-416B-4B4D-A892-53008915CF50}"
EndProject
Global
	GlobalSection(SolutionConfigurationPlatforms) = preSolution
		Debug|Any CPU = Debug|Any CPU
		Release|Any CPU = Release|Any CPU
	EndGlobalSection
	GlobalSection(ProjectConfigurationPlatforms) = postSolution
		{E2FA7A21-416B-4B4D-A892-53008915CF50}.Debug|Any CPU.ActiveCfg = Debug|Any CPU
		{E2FA7A21-416B-4B4D-A892-53008915CF50}.Debug|Any CPU.Build.0 = Debug|Any CPU
		{E2FA7A21-416B-4B4D-A892-53008915CF50}.Release|Any CPU.ActiveCfg = Release|Any CPU
		{E2FA7A21-416B-4B4D-A892-53008915CF50}.Release|Any CPU.Build.0 = Release|Any CPU
	EndGlobalSection
	GlobalSection(SolutionProperties) = preSolution
		HideSolutionNode = FALSE
	EndGlobalSection
	GlobalSection(ExtensibilityGlobals) = postSolution
		SolutionGuid = {8DC29492-5004-40B8-BD2D-FC1D152D3A5B}
	EndGlobalSection
EndGlobal
